{
    "_meta": {
        "hash": {
            "sha256": "60890f5199a7e6100a26a2e4bb7cd46523e513a9515988d3493e4ca871beaaf3"
        },
        "pipfile-spec": 6,
        "requires": {
            "python_version": "3.8"
        },
        "sources": [
            {
                "name": "pypi",
                "url": "https://pypi.org/simple",
                "verify_ssl": true
            }
        ]
    },
    "default": {
        "aws-xray-sdk": {
            "hashes": [
                "sha256:8dfa785305fc8dc720d8d4c2ec6a58e85e467ddc3a53b1506a2ed8b5801c8fc7",
                "sha256:ae57baeb175993bdbf31f83843e2c0958dd5aa8cb691ab5628aafb6ccc78a0fc"
            ],
            "index": "pypi",
            "version": "==2.5.0"
        },
        "botocore": {
            "hashes": [
                "sha256:ae39899dc450570968e3e128d2c8a011e5f8d4f6fd07a7d1f01df10a11ef332d",
                "sha256:b609e2373dccb728b34555af28fd8bd87cc57295cafa32f8a5b8044bb58b9ea8"
            ],
            "version": "==1.15.46"
        },
        "docutils": {
            "hashes": [
                "sha256:6c4f696463b79f1fb8ba0c594b63840ebd41f059e92b31957c46b74a4599b6d0",
                "sha256:9e4d7ecfc600058e07ba661411a2b7de2fd0fafa17d1a7f7361cd47b1175c827",
                "sha256:a2aeea129088da402665e92e0b25b04b073c04b2dce4ab65caaa38b7ce2e1a99"
            ],
            "version": "==0.15.2"
        },
        "future": {
            "hashes": [
                "sha256:b1bead90b70cf6ec3f0710ae53a525360fa360d306a86583adc6bf83a4db537d"
            ],
            "version": "==0.18.2"
        },
        "importlib-metadata": {
            "hashes": [
                "sha256:2a688cbaa90e0cc587f1df48bdc97a6eadccdcd9c35fb3f976a09e3b5016d90f",
                "sha256:34513a8a0c4962bc66d35b359558fd8a5e10cd472d37aec5f66858addef32c1e"
            ],
            "version": "==1.6.0"
        },
        "jmespath": {
            "hashes": [
                "sha256:695cb76fa78a10663425d5b73ddc5714eb711157e52704d69be03b1a02ba4fec",
                "sha256:cca55c8d153173e21baa59983015ad0daf603f9cb799904ff057bfb8ff8dc2d9"
            ],
            "version": "==0.9.5"
        },
        "jsonpickle": {
            "hashes": [
                "sha256:8919c166bac0574e3d74425c7559434062002d9dfc0ac2afa6dc746ba4a19439",
                "sha256:e8d4b7cd0bd6826001a74377df1079a76ad8bae0f909282de2554164c837c8ba"
            ],
            "version": "==1.4.1"
        },
        "numpy": {
            "hashes": [
                "sha256:00a458d6821b1e87be873f2126d5646b901047a7480e8ae9773ecf214f0e19f3",
                "sha256:0470c5dc32212a08ebc2405f32e8ceb9a5b1c8ac61a2daf9835ec0856a220495",
                "sha256:24a9c287a4a1c427c2d45bf7c4fc6180c52a08fa0990d4c94e4c86a9b1e23ba5",
                "sha256:25600e8901012180a1b7cd1ac3e27e7793586ecd432383191929ac2edf37ff5d",
                "sha256:2d279bd99329e72c30937bdef82b6dc7779c7607c5a379bab1bf76be1f4c1422",
                "sha256:32af2bcf4bb7631dac19736a6e092ec9715e770dcaa1f85fcd99dec5040b2a4d",
                "sha256:3e90a9fce378114b6c2fc01fff7423300515c7b54b7cc71b02a22bc0bd7dfdd8",
                "sha256:5774d49516c37fd3fc1f232e033d2b152f3323ca4c7bfefd7277e4c67f3c08b4",
                "sha256:64ff21aac30d40c20ba994c94a08d439b8ced3b9c704af897e9e4ba09d10e62c",
                "sha256:803b2af862dcad6c11231ea3cd1015d1293efd6c87088be33d713a9b23e9e419",
                "sha256:95c830b09626508f7808ce7f1344fb98068e63143e6050e5dc3063142fc60007",
                "sha256:96e49a0c82b4e3130093002f625545104037c2d25866fa2e0c90d6e54f5a1fbc",
                "sha256:a1dd8221f0e69038748f47b8bb3248d0b9ecdf13fe837440951c3d5ff72639bb",
                "sha256:a80ecac5664f420556a725a5646f2d1c60a7c0489d68a38b5056393e949e27ac",
                "sha256:b19a47ff1bd2fca0cacdfa830c967746764c32dca6a0c0328d9c893f4bfe2f6b",
                "sha256:be43df2c563e264b38e3318574d80fc8f365df3fb745270934d2dbe54e006f41",
                "sha256:c40cb17188f6ae3c5b6efc6f0fd43a7ddd219b7807fe179e71027849a9b91afc",
                "sha256:c6251e0f0ecac53ba2b99d9f0cc16fa9021914a78869c38213c436ba343641f0",
                "sha256:cb189bd98b2e7ac02df389b6212846ab20661f4bafe16b5a70a6f1728c1cc7cb",
                "sha256:ef4ae41add536cb825d8aa029c15ef510aead06ea5b68daea64f0b9ecbff17db",
                "sha256:f00a2c21f60284e024bba351875f3501c6d5817d64997a0afe4f4355161a8889",
                "sha256:f1232f98a6bbd6d1678249f94028bccc541bbc306aa5c4e1471a881b0e5a3409",
                "sha256:fea682f6ddc09517df0e6d5caad9613c6d91a42232aeb082df67e4d205de19cc"
            ],
            "index": "pypi",
            "version": "==1.16"
        },
        "python-dateutil": {
            "hashes": [
                "sha256:73ebfe9dbf22e832286dafa60473e4cd239f8592f699aa5adaf10050e6e1823c",
                "sha256:75bb3f31ea686f1197762692a9ee6a7550b59fc6ca3a1f4b5d7e32fb98e2da2a"
            ],
            "version": "==2.8.1"
        },
        "six": {
            "hashes": [
                "sha256:236bdbdce46e6e6a3d61a337c0f8b763ca1e8717c03b369e87a7ec7ce1319c0a",
                "sha256:8f3cd2e254d8f793e7f3d6d9df77b92252b52637291d0f0da013c76ea2724b6c"
            ],
            "version": "==1.14.0"
        },
        "urllib3": {
            "hashes": [
                "sha256:3018294ebefce6572a474f0604c2021e33b3fd8006ecd11d62107a5d2a963527",
                "sha256:88206b0eb87e6d677d424843ac5209e3fb9d0190d0ee169599165ec25e9d9115"
            ],
            "markers": "python_version != '3.4'",
            "version": "==1.25.9"
        },
        "wrapt": {
            "hashes": [
                "sha256:b62ffa81fb85f4332a4f609cab4ac40709470da05643a082ec1eb88e6d9b97d7"
            ],
            "version": "==1.12.1"
        },
        "zipp": {
            "hashes": [
                "sha256:aa36550ff0c0b7ef7fa639055d797116ee891440eac1a56f378e2d3179e0320b",
                "sha256:c599e4d75c98f6798c509911d08a22e6c021d074469042177c8c86fb92eefd96"
            ],
            "version": "==3.1.0"
        }
    },
    "develop": {}
}
